// !$*UTF8*$!
{
	archiveVersion = 1;
	classes = {
	};
	objectVersion = 46;
	objects = {

/* Begin PBXBuildFile section */
		57B054AF14AC4F0700BBD722 /* star-inactive.png in Resources */ = {isa = PBXBuildFile; fileRef = 57B054AB14AC4F0700BBD722 /* star-inactive.png */; };
		57B054B014AC4F0700BBD722 /* star-inactive@2x.png in Resources */ = {isa = PBXBuildFile; fileRef = 57B054AC14AC4F0700BBD722 /* star-inactive@2x.png */; };
		57B054B114AC4F0700BBD722 /* star.png in Resources */ = {isa = PBXBuildFile; fileRef = 57B054AD14AC4F0700BBD722 /* star.png */; };
		57B054B214AC4F0700BBD722 /* star@2x.png in Resources */ = {isa = PBXBuildFile; fileRef = 57B054AE14AC4F0700BBD722 /* star@2x.png */; };
		57B054B614AC537C00BBD722 /* MovieModel.xcdatamodeld in Sources */ = {isa = PBXBuildFile; fileRef = 57B054B414AC537C00BBD722 /* MovieModel.xcdatamodeld */; };
		57B0559314AC558200BBD722 /* NSAttributeDescription+MagicalDataImport.m in Sources */ = {isa = PBXBuildFile; fileRef = 57B054EE14AC558100BBD722 /* NSAttributeDescription+MagicalDataImport.m */; };
		57B0559414AC558200BBD722 /* NSEntityDescription+MagicalDataImport.m in Sources */ = {isa = PBXBuildFile; fileRef = 57B054F014AC558100BBD722 /* NSEntityDescription+MagicalDataImport.m */; };
		57B0559514AC558200BBD722 /* NSNumber+MagicalDataImport.m in Sources */ = {isa = PBXBuildFile; fileRef = 57B054F214AC558100BBD722 /* NSNumber+MagicalDataImport.m */; };
		57B0559614AC558200BBD722 /* NSObject+MagicalDataImport.m in Sources */ = {isa = PBXBuildFile; fileRef = 57B054F414AC558100BBD722 /* NSObject+MagicalDataImport.m */; };
		57B0559714AC558200BBD722 /* NSRelationshipDescription+MagicalDataImport.m in Sources */ = {isa = PBXBuildFile; fileRef = 57B054F614AC558100BBD722 /* NSRelationshipDescription+MagicalDataImport.m */; };
		57B0559814AC558200BBD722 /* NSString+MagicalDataImport.m in Sources */ = {isa = PBXBuildFile; fileRef = 57B054F814AC558100BBD722 /* NSString+MagicalDataImport.m */; };
		57B0559914AC558200BBD722 /* NSManagedObject+MagicalDataImport.m in Sources */ = {isa = PBXBuildFile; fileRef = 57B054FA14AC558100BBD722 /* NSManagedObject+MagicalDataImport.m */; };
		57B0559A14AC558200BBD722 /* NSManagedObject+MagicalRecord.m in Sources */ = {isa = PBXBuildFile; fileRef = 57B054FC14AC558100BBD722 /* NSManagedObject+MagicalRecord.m */; };
		57B0559B14AC558200BBD722 /* NSManagedObjectContext+MagicalRecord.m in Sources */ = {isa = PBXBuildFile; fileRef = 57B054FE14AC558100BBD722 /* NSManagedObjectContext+MagicalRecord.m */; };
		57B0559C14AC558200BBD722 /* NSManagedObjectModel+MagicalRecord.m in Sources */ = {isa = PBXBuildFile; fileRef = 57B0550014AC558100BBD722 /* NSManagedObjectModel+MagicalRecord.m */; };
		57B0559D14AC558200BBD722 /* NSPersistentStore+MagicalRecord.m in Sources */ = {isa = PBXBuildFile; fileRef = 57B0550214AC558100BBD722 /* NSPersistentStore+MagicalRecord.m */; };
		57B0559E14AC558200BBD722 /* NSPersistentStoreCoordinator+MagicalRecord.m in Sources */ = {isa = PBXBuildFile; fileRef = 57B0550414AC558100BBD722 /* NSPersistentStoreCoordinator+MagicalRecord.m */; };
		57B0559F14AC558200BBD722 /* MagicalRecordHelpers.m in Sources */ = {isa = PBXBuildFile; fileRef = 57B0550714AC558100BBD722 /* MagicalRecordHelpers.m */; };
		57B055A014AC558200BBD722 /* MRCoreDataAction.m in Sources */ = {isa = PBXBuildFile; fileRef = 57B0550A14AC558100BBD722 /* MRCoreDataAction.m */; };
		57B055E614AC55DF00BBD722 /* MovieData.m in Sources */ = {isa = PBXBuildFile; fileRef = 57B055E514AC55DF00BBD722 /* MovieData.m */; };
		57F6252814AA740F006E16A7 /* UIKit.framework in Frameworks */ = {isa = PBXBuildFile; fileRef = 57F6252714AA740F006E16A7 /* UIKit.framework */; };
		57F6252A14AA740F006E16A7 /* Foundation.framework in Frameworks */ = {isa = PBXBuildFile; fileRef = 57F6252914AA740F006E16A7 /* Foundation.framework */; };
		57F6252C14AA740F006E16A7 /* CoreGraphics.framework in Frameworks */ = {isa = PBXBuildFile; fileRef = 57F6252B14AA740F006E16A7 /* CoreGraphics.framework */; };
		57F6253214AA740F006E16A7 /* InfoPlist.strings in Resources */ = {isa = PBXBuildFile; fileRef = 57F6253014AA740F006E16A7 /* InfoPlist.strings */; };
		57F6253414AA740F006E16A7 /* main.m in Sources */ = {isa = PBXBuildFile; fileRef = 57F6253314AA740F006E16A7 /* main.m */; };
		57F6253814AA740F006E16A7 /* MSAppDelegate.m in Sources */ = {isa = PBXBuildFile; fileRef = 57F6253714AA740F006E16A7 /* MSAppDelegate.m */; };
		57F6253B14AA740F006E16A7 /* MainStoryboard_iPhone.storyboard in Resources */ = {isa = PBXBuildFile; fileRef = 57F6253914AA740F006E16A7 /* MainStoryboard_iPhone.storyboard */; };
		57F6253E14AA740F006E16A7 /* MainStoryboard_iPad.storyboard in Resources */ = {isa = PBXBuildFile; fileRef = 57F6253C14AA740F006E16A7 /* MainStoryboard_iPad.storyboard */; };
		57F6254114AA740F006E16A7 /* MSMasterViewController.m in Sources */ = {isa = PBXBuildFile; fileRef = 57F6254014AA740F006E16A7 /* MSMasterViewController.m */; };
		57F6254414AA740F006E16A7 /* MSDetailViewController.m in Sources */ = {isa = PBXBuildFile; fileRef = 57F6254314AA740F006E16A7 /* MSDetailViewController.m */; };
		57F6254C14AA740F006E16A7 /* SenTestingKit.framework in Frameworks */ = {isa = PBXBuildFile; fileRef = 57F6254B14AA740F006E16A7 /* SenTestingKit.framework */; };
		57F6254D14AA740F006E16A7 /* UIKit.framework in Frameworks */ = {isa = PBXBuildFile; fileRef = 57F6252714AA740F006E16A7 /* UIKit.framework */; };
		57F6254E14AA740F006E16A7 /* Foundation.framework in Frameworks */ = {isa = PBXBuildFile; fileRef = 57F6252914AA740F006E16A7 /* Foundation.framework */; };
		57F6255614AA7410006E16A7 /* InfoPlist.strings in Resources */ = {isa = PBXBuildFile; fileRef = 57F6255414AA7410006E16A7 /* InfoPlist.strings */; };
		57F6255914AA7410006E16A7 /* NerderyCodeChallengeTests.m in Sources */ = {isa = PBXBuildFile; fileRef = 57F6255814AA7410006E16A7 /* NerderyCodeChallengeTests.m */; };
		57F625CE14AA7E11006E16A7 /* AFHTTPClient.m in Sources */ = {isa = PBXBuildFile; fileRef = 57F6256B14AA7E11006E16A7 /* AFHTTPClient.m */; settings = {COMPILER_FLAGS = "-fno-objc-arc"; }; };
		57F625CF14AA7E11006E16A7 /* AFHTTPRequestOperation.m in Sources */ = {isa = PBXBuildFile; fileRef = 57F6256D14AA7E11006E16A7 /* AFHTTPRequestOperation.m */; settings = {COMPILER_FLAGS = "-fno-objc-arc"; }; };
		57F625D014AA7E11006E16A7 /* AFImageCache.m in Sources */ = {isa = PBXBuildFile; fileRef = 57F6256F14AA7E11006E16A7 /* AFImageCache.m */; settings = {COMPILER_FLAGS = "-fno-objc-arc"; }; };
		57F625D114AA7E11006E16A7 /* AFImageRequestOperation.m in Sources */ = {isa = PBXBuildFile; fileRef = 57F6257114AA7E11006E16A7 /* AFImageRequestOperation.m */; settings = {COMPILER_FLAGS = "-fno-objc-arc"; }; };
		57F625D214AA7E11006E16A7 /* AFJSONRequestOperation.m in Sources */ = {isa = PBXBuildFile; fileRef = 57F6257314AA7E11006E16A7 /* AFJSONRequestOperation.m */; settings = {COMPILER_FLAGS = "-fno-objc-arc"; }; };
		57F625D314AA7E11006E16A7 /* AFNetworkActivityIndicatorManager.m in Sources */ = {isa = PBXBuildFile; fileRef = 57F6257614AA7E11006E16A7 /* AFNetworkActivityIndicatorManager.m */; settings = {COMPILER_FLAGS = "-fno-objc-arc"; }; };
		57F625D414AA7E11006E16A7 /* AFPropertyListRequestOperation.m in Sources */ = {isa = PBXBuildFile; fileRef = 57F6257914AA7E11006E16A7 /* AFPropertyListRequestOperation.m */; settings = {COMPILER_FLAGS = "-fno-objc-arc"; }; };
		57F625D514AA7E11006E16A7 /* AFURLConnectionOperation.m in Sources */ = {isa = PBXBuildFile; fileRef = 57F6257B14AA7E11006E16A7 /* AFURLConnectionOperation.m */; settings = {COMPILER_FLAGS = "-fno-objc-arc"; }; };
		57F625D614AA7E11006E16A7 /* AFXMLRequestOperation.m in Sources */ = {isa = PBXBuildFile; fileRef = 57F6257D14AA7E11006E16A7 /* AFXMLRequestOperation.m */; settings = {COMPILER_FLAGS = "-fno-objc-arc"; }; };
		57F625D714AA7E11006E16A7 /* UIImageView+AFNetworking.m in Sources */ = {isa = PBXBuildFile; fileRef = 57F6257F14AA7E11006E16A7 /* UIImageView+AFNetworking.m */; settings = {COMPILER_FLAGS = "-fno-objc-arc"; }; };
		57F6261414AA7E98006E16A7 /* Fresh.png in Resources */ = {isa = PBXBuildFile; fileRef = 57F625FF14AA7E98006E16A7 /* Fresh.png */; };
		57F6261514AA7E98006E16A7 /* Fresh@2x.png in Resources */ = {isa = PBXBuildFile; fileRef = 57F6260014AA7E98006E16A7 /* Fresh@2x.png */; };
		57F6261614AA7E98006E16A7 /* Rotten.png in Resources */ = {isa = PBXBuildFile; fileRef = 57F6260114AA7E98006E16A7 /* Rotten.png */; };
		57F6261714AA7E98006E16A7 /* Rotten@2x.png in Resources */ = {isa = PBXBuildFile; fileRef = 57F6260214AA7E98006E16A7 /* Rotten@2x.png */; };
		57F6261814AA7E98006E16A7 /* g.png in Resources */ = {isa = PBXBuildFile; fileRef = 57F6260414AA7E98006E16A7 /* g.png */; };
		57F6261A14AA7E98006E16A7 /* pg.png in Resources */ = {isa = PBXBuildFile; fileRef = 57F6260614AA7E98006E16A7 /* pg.png */; };
		57F6261C14AA7E98006E16A7 /* r.png in Resources */ = {isa = PBXBuildFile; fileRef = 57F6260814AA7E98006E16A7 /* r.png */; };
		57F6261D14AA7E98006E16A7 /* Twitter.png in Resources */ = {isa = PBXBuildFile; fileRef = 57F6260A14AA7E98006E16A7 /* Twitter.png */; };
		57F6261E14AA7E98006E16A7 /* Twitter@2x.png in Resources */ = {isa = PBXBuildFile; fileRef = 57F6260B14AA7E98006E16A7 /* Twitter@2x.png */; };
		57F6262714AA7EDA006E16A7 /* 57.png in Resources */ = {isa = PBXBuildFile; fileRef = 57F6262614AA7EDA006E16A7 /* 57.png */; };
		57F6262914AA7EE2006E16A7 /* 114.png in Resources */ = {isa = PBXBuildFile; fileRef = 57F6262814AA7EE2006E16A7 /* 114.png */; };
		57F6262B14AA7F6E006E16A7 /* 72.png in Resources */ = {isa = PBXBuildFile; fileRef = 57F6262A14AA7F6E006E16A7 /* 72.png */; };
		57F6262E14AA804E006E16A7 /* Movie.m in Sources */ = {isa = PBXBuildFile; fileRef = 57F6262D14AA804E006E16A7 /* Movie.m */; };
		57F6263214AA81D9006E16A7 /* RottenTomatoesAPI.m in Sources */ = {isa = PBXBuildFile; fileRef = 57F6263114AA81D9006E16A7 /* RottenTomatoesAPI.m */; };
		57F6263514AA8EB0006E16A7 /* MoviesList.m in Sources */ = {isa = PBXBuildFile; fileRef = 57F6263414AA8EB0006E16A7 /* MoviesList.m */; };
		57F6263914AA9948006E16A7 /* MovieCell.m in Sources */ = {isa = PBXBuildFile; fileRef = 57F6263814AA9948006E16A7 /* MovieCell.m */; };
		57F6263B14AA9A91006E16A7 /* sample_poster.jpg in Resources */ = {isa = PBXBuildFile; fileRef = 57F6263A14AA9A91006E16A7 /* sample_poster.jpg */; };
		57F6264014AAC41E006E16A7 /* nc-17.png in Resources */ = {isa = PBXBuildFile; fileRef = 57F6263E14AAC41E006E16A7 /* nc-17.png */; };
		57F6264114AAC41E006E16A7 /* pg-13.png in Resources */ = {isa = PBXBuildFile; fileRef = 57F6263F14AAC41E006E16A7 /* pg-13.png */; };
/* End PBXBuildFile section */

/* Begin PBXContainerItemProxy section */
		57F6254F14AA740F006E16A7 /* PBXContainerItemProxy */ = {
			isa = PBXContainerItemProxy;
			containerPortal = 57F6251A14AA740F006E16A7 /* Project object */;
			proxyType = 1;
			remoteGlobalIDString = 57F6252214AA740F006E16A7;
			remoteInfo = NerderyCodeChallenge;
		};
/* End PBXContainerItemProxy section */

/* Begin PBXFileReference section */
		57B054AB14AC4F0700BBD722 /* star-inactive.png */ = {isa = PBXFileReference; lastKnownFileType = image.png; path = "star-inactive.png"; sourceTree = "<group>"; };
		57B054AC14AC4F0700BBD722 /* star-inactive@2x.png */ = {isa = PBXFileReference; lastKnownFileType = image.png; path = "star-inactive@2x.png"; sourceTree = "<group>"; };
		57B054AD14AC4F0700BBD722 /* star.png */ = {isa = PBXFileReference; lastKnownFileType = image.png; path = star.png; sourceTree = "<group>"; };
		57B054AE14AC4F0700BBD722 /* star@2x.png */ = {isa = PBXFileReference; lastKnownFileType = image.png; path = "star@2x.png"; sourceTree = "<group>"; };
		57B054B514AC537C00BBD722 /* MovieModel.xcdatamodel */ = {isa = PBXFileReference; lastKnownFileType = wrapper.xcdatamodel; path = MovieModel.xcdatamodel; sourceTree = "<group>"; };
		57B054ED14AC558100BBD722 /* NSAttributeDescription+MagicalDataImport.h */ = {isa = PBXFileReference; fileEncoding = 4; lastKnownFileType = sourcecode.c.h; path = "NSAttributeDescription+MagicalDataImport.h"; sourceTree = "<group>"; };
		57B054EE14AC558100BBD722 /* NSAttributeDescription+MagicalDataImport.m */ = {isa = PBXFileReference; fileEncoding = 4; lastKnownFileType = sourcecode.c.objc; path = "NSAttributeDescription+MagicalDataImport.m"; sourceTree = "<group>"; };
		57B054EF14AC558100BBD722 /* NSEntityDescription+MagicalDataImport.h */ = {isa = PBXFileReference; fileEncoding = 4; lastKnownFileType = sourcecode.c.h; path = "NSEntityDescription+MagicalDataImport.h"; sourceTree = "<group>"; };
		57B054F014AC558100BBD722 /* NSEntityDescription+MagicalDataImport.m */ = {isa = PBXFileReference; fileEncoding = 4; lastKnownFileType = sourcecode.c.objc; path = "NSEntityDescription+MagicalDataImport.m"; sourceTree = "<group>"; };
		57B054F114AC558100BBD722 /* NSNumber+MagicalDataImport.h */ = {isa = PBXFileReference; fileEncoding = 4; lastKnownFileType = sourcecode.c.h; path = "NSNumber+MagicalDataImport.h"; sourceTree = "<group>"; };
		57B054F214AC558100BBD722 /* NSNumber+MagicalDataImport.m */ = {isa = PBXFileReference; fileEncoding = 4; lastKnownFileType = sourcecode.c.objc; path = "NSNumber+MagicalDataImport.m"; sourceTree = "<group>"; };
		57B054F314AC558100BBD722 /* NSObject+MagicalDataImport.h */ = {isa = PBXFileReference; fileEncoding = 4; lastKnownFileType = sourcecode.c.h; path = "NSObject+MagicalDataImport.h"; sourceTree = "<group>"; };
		57B054F414AC558100BBD722 /* NSObject+MagicalDataImport.m */ = {isa = PBXFileReference; fileEncoding = 4; lastKnownFileType = sourcecode.c.objc; path = "NSObject+MagicalDataImport.m"; sourceTree = "<group>"; };
		57B054F514AC558100BBD722 /* NSRelationshipDescription+MagicalDataImport.h */ = {isa = PBXFileReference; fileEncoding = 4; lastKnownFileType = sourcecode.c.h; path = "NSRelationshipDescription+MagicalDataImport.h"; sourceTree = "<group>"; };
		57B054F614AC558100BBD722 /* NSRelationshipDescription+MagicalDataImport.m */ = {isa = PBXFileReference; fileEncoding = 4; lastKnownFileType = sourcecode.c.objc; path = "NSRelationshipDescription+MagicalDataImport.m"; sourceTree = "<group>"; };
		57B054F714AC558100BBD722 /* NSString+MagicalDataImport.h */ = {isa = PBXFileReference; fileEncoding = 4; lastKnownFileType = sourcecode.c.h; path = "NSString+MagicalDataImport.h"; sourceTree = "<group>"; };
		57B054F814AC558100BBD722 /* NSString+MagicalDataImport.m */ = {isa = PBXFileReference; fileEncoding = 4; lastKnownFileType = sourcecode.c.objc; path = "NSString+MagicalDataImport.m"; sourceTree = "<group>"; };
		57B054F914AC558100BBD722 /* NSManagedObject+MagicalDataImport.h */ = {isa = PBXFileReference; fileEncoding = 4; lastKnownFileType = sourcecode.c.h; path = "NSManagedObject+MagicalDataImport.h"; sourceTree = "<group>"; };
		57B054FA14AC558100BBD722 /* NSManagedObject+MagicalDataImport.m */ = {isa = PBXFileReference; fileEncoding = 4; lastKnownFileType = sourcecode.c.objc; path = "NSManagedObject+MagicalDataImport.m"; sourceTree = "<group>"; };
		57B054FB14AC558100BBD722 /* NSManagedObject+MagicalRecord.h */ = {isa = PBXFileReference; fileEncoding = 4; lastKnownFileType = sourcecode.c.h; path = "NSManagedObject+MagicalRecord.h"; sourceTree = "<group>"; };
		57B054FC14AC558100BBD722 /* NSManagedObject+MagicalRecord.m */ = {isa = PBXFileReference; fileEncoding = 4; lastKnownFileType = sourcecode.c.objc; path = "NSManagedObject+MagicalRecord.m"; sourceTree = "<group>"; };
		57B054FD14AC558100BBD722 /* NSManagedObjectContext+MagicalRecord.h */ = {isa = PBXFileReference; fileEncoding = 4; lastKnownFileType = sourcecode.c.h; path = "NSManagedObjectContext+MagicalRecord.h"; sourceTree = "<group>"; };
		57B054FE14AC558100BBD722 /* NSManagedObjectContext+MagicalRecord.m */ = {isa = PBXFileReference; fileEncoding = 4; lastKnownFileType = sourcecode.c.objc; path = "NSManagedObjectContext+MagicalRecord.m"; sourceTree = "<group>"; };
		57B054FF14AC558100BBD722 /* NSManagedObjectModel+MagicalRecord.h */ = {isa = PBXFileReference; fileEncoding = 4; lastKnownFileType = sourcecode.c.h; path = "NSManagedObjectModel+MagicalRecord.h"; sourceTree = "<group>"; };
		57B0550014AC558100BBD722 /* NSManagedObjectModel+MagicalRecord.m */ = {isa = PBXFileReference; fileEncoding = 4; lastKnownFileType = sourcecode.c.objc; path = "NSManagedObjectModel+MagicalRecord.m"; sourceTree = "<group>"; };
		57B0550114AC558100BBD722 /* NSPersistentStore+MagicalRecord.h */ = {isa = PBXFileReference; fileEncoding = 4; lastKnownFileType = sourcecode.c.h; path = "NSPersistentStore+MagicalRecord.h"; sourceTree = "<group>"; };
		57B0550214AC558100BBD722 /* NSPersistentStore+MagicalRecord.m */ = {isa = PBXFileReference; fileEncoding = 4; lastKnownFileType = sourcecode.c.objc; path = "NSPersistentStore+MagicalRecord.m"; sourceTree = "<group>"; };
		57B0550314AC558100BBD722 /* NSPersistentStoreCoordinator+MagicalRecord.h */ = {isa = PBXFileReference; fileEncoding = 4; lastKnownFileType = sourcecode.c.h; path = "NSPersistentStoreCoordinator+MagicalRecord.h"; sourceTree = "<group>"; };
		57B0550414AC558100BBD722 /* NSPersistentStoreCoordinator+MagicalRecord.m */ = {isa = PBXFileReference; fileEncoding = 4; lastKnownFileType = sourcecode.c.objc; path = "NSPersistentStoreCoordinator+MagicalRecord.m"; sourceTree = "<group>"; };
		57B0550514AC558100BBD722 /* CoreData+MagicalRecord.h */ = {isa = PBXFileReference; fileEncoding = 4; lastKnownFileType = sourcecode.c.h; path = "CoreData+MagicalRecord.h"; sourceTree = "<group>"; };
		57B0550614AC558100BBD722 /* MagicalRecordHelpers.h */ = {isa = PBXFileReference; fileEncoding = 4; lastKnownFileType = sourcecode.c.h; path = MagicalRecordHelpers.h; sourceTree = "<group>"; };
		57B0550714AC558100BBD722 /* MagicalRecordHelpers.m */ = {isa = PBXFileReference; fileEncoding = 4; lastKnownFileType = sourcecode.c.objc; path = MagicalRecordHelpers.m; sourceTree = "<group>"; };
		57B0550814AC558100BBD722 /* MagicalRecordShorthand.h */ = {isa = PBXFileReference; fileEncoding = 4; lastKnownFileType = sourcecode.c.h; path = MagicalRecordShorthand.h; sourceTree = "<group>"; };
		57B0550914AC558100BBD722 /* MRCoreDataAction.h */ = {isa = PBXFileReference; fileEncoding = 4; lastKnownFileType = sourcecode.c.h; path = MRCoreDataAction.h; sourceTree = "<group>"; };
		57B0550A14AC558100BBD722 /* MRCoreDataAction.m */ = {isa = PBXFileReference; fileEncoding = 4; lastKnownFileType = sourcecode.c.objc; path = MRCoreDataAction.m; sourceTree = "<group>"; };
		57B055E414AC55DF00BBD722 /* MovieData.h */ = {isa = PBXFileReference; fileEncoding = 4; lastKnownFileType = sourcecode.c.h; path = MovieData.h; sourceTree = "<group>"; };
		57B055E514AC55DF00BBD722 /* MovieData.m */ = {isa = PBXFileReference; fileEncoding = 4; lastKnownFileType = sourcecode.c.objc; path = MovieData.m; sourceTree = "<group>"; };
		57F6252314AA740F006E16A7 /* NerderyCodeChallenge.app */ = {isa = PBXFileReference; explicitFileType = wrapper.application; includeInIndex = 0; path = NerderyCodeChallenge.app; sourceTree = BUILT_PRODUCTS_DIR; };
		57F6252714AA740F006E16A7 /* UIKit.framework */ = {isa = PBXFileReference; lastKnownFileType = wrapper.framework; name = UIKit.framework; path = System/Library/Frameworks/UIKit.framework; sourceTree = SDKROOT; };
		57F6252914AA740F006E16A7 /* Foundation.framework */ = {isa = PBXFileReference; lastKnownFileType = wrapper.framework; name = Foundation.framework; path = System/Library/Frameworks/Foundation.framework; sourceTree = SDKROOT; };
		57F6252B14AA740F006E16A7 /* CoreGraphics.framework */ = {isa = PBXFileReference; lastKnownFileType = wrapper.framework; name = CoreGraphics.framework; path = System/Library/Frameworks/CoreGraphics.framework; sourceTree = SDKROOT; };
		57F6252F14AA740F006E16A7 /* NerderyCodeChallenge-Info.plist */ = {isa = PBXFileReference; lastKnownFileType = text.plist.xml; path = "NerderyCodeChallenge-Info.plist"; sourceTree = "<group>"; };
		57F6253114AA740F006E16A7 /* en */ = {isa = PBXFileReference; lastKnownFileType = text.plist.strings; name = en; path = en.lproj/InfoPlist.strings; sourceTree = "<group>"; };
		57F6253314AA740F006E16A7 /* main.m */ = {isa = PBXFileReference; lastKnownFileType = sourcecode.c.objc; path = main.m; sourceTree = "<group>"; };
		57F6253514AA740F006E16A7 /* NerderyCodeChallenge-Prefix.pch */ = {isa = PBXFileReference; lastKnownFileType = sourcecode.c.h; path = "NerderyCodeChallenge-Prefix.pch"; sourceTree = "<group>"; };
		57F6253614AA740F006E16A7 /* MSAppDelegate.h */ = {isa = PBXFileReference; lastKnownFileType = sourcecode.c.h; path = MSAppDelegate.h; sourceTree = "<group>"; };
		57F6253714AA740F006E16A7 /* MSAppDelegate.m */ = {isa = PBXFileReference; lastKnownFileType = sourcecode.c.objc; path = MSAppDelegate.m; sourceTree = "<group>"; };
		57F6253A14AA740F006E16A7 /* en */ = {isa = PBXFileReference; lastKnownFileType = file.storyboard; name = en; path = en.lproj/MainStoryboard_iPhone.storyboard; sourceTree = "<group>"; };
		57F6253D14AA740F006E16A7 /* en */ = {isa = PBXFileReference; lastKnownFileType = file.storyboard; name = en; path = en.lproj/MainStoryboard_iPad.storyboard; sourceTree = "<group>"; };
		57F6253F14AA740F006E16A7 /* MSMasterViewController.h */ = {isa = PBXFileReference; lastKnownFileType = sourcecode.c.h; path = MSMasterViewController.h; sourceTree = "<group>"; };
		57F6254014AA740F006E16A7 /* MSMasterViewController.m */ = {isa = PBXFileReference; lastKnownFileType = sourcecode.c.objc; path = MSMasterViewController.m; sourceTree = "<group>"; };
		57F6254214AA740F006E16A7 /* MSDetailViewController.h */ = {isa = PBXFileReference; lastKnownFileType = sourcecode.c.h; path = MSDetailViewController.h; sourceTree = "<group>"; };
		57F6254314AA740F006E16A7 /* MSDetailViewController.m */ = {isa = PBXFileReference; lastKnownFileType = sourcecode.c.objc; path = MSDetailViewController.m; sourceTree = "<group>"; };
		57F6254A14AA740F006E16A7 /* NerderyCodeChallengeTests.octest */ = {isa = PBXFileReference; explicitFileType = wrapper.cfbundle; includeInIndex = 0; path = NerderyCodeChallengeTests.octest; sourceTree = BUILT_PRODUCTS_DIR; };
		57F6254B14AA740F006E16A7 /* SenTestingKit.framework */ = {isa = PBXFileReference; lastKnownFileType = wrapper.framework; name = SenTestingKit.framework; path = Library/Frameworks/SenTestingKit.framework; sourceTree = DEVELOPER_DIR; };
		57F6255314AA7410006E16A7 /* NerderyCodeChallengeTests-Info.plist */ = {isa = PBXFileReference; lastKnownFileType = text.plist.xml; path = "NerderyCodeChallengeTests-Info.plist"; sourceTree = "<group>"; };
		57F6255514AA7410006E16A7 /* en */ = {isa = PBXFileReference; lastKnownFileType = text.plist.strings; name = en; path = en.lproj/InfoPlist.strings; sourceTree = "<group>"; };
		57F6255714AA7410006E16A7 /* NerderyCodeChallengeTests.h */ = {isa = PBXFileReference; lastKnownFileType = sourcecode.c.h; path = NerderyCodeChallengeTests.h; sourceTree = "<group>"; };
		57F6255814AA7410006E16A7 /* NerderyCodeChallengeTests.m */ = {isa = PBXFileReference; lastKnownFileType = sourcecode.c.objc; path = NerderyCodeChallengeTests.m; sourceTree = "<group>"; };
		57F6256A14AA7E11006E16A7 /* AFHTTPClient.h */ = {isa = PBXFileReference; fileEncoding = 4; lastKnownFileType = sourcecode.c.h; path = AFHTTPClient.h; sourceTree = "<group>"; };
		57F6256B14AA7E11006E16A7 /* AFHTTPClient.m */ = {isa = PBXFileReference; fileEncoding = 4; lastKnownFileType = sourcecode.c.objc; path = AFHTTPClient.m; sourceTree = "<group>"; };
		57F6256C14AA7E11006E16A7 /* AFHTTPRequestOperation.h */ = {isa = PBXFileReference; fileEncoding = 4; lastKnownFileType = sourcecode.c.h; path = AFHTTPRequestOperation.h; sourceTree = "<group>"; };
		57F6256D14AA7E11006E16A7 /* AFHTTPRequestOperation.m */ = {isa = PBXFileReference; fileEncoding = 4; lastKnownFileType = sourcecode.c.objc; path = AFHTTPRequestOperation.m; sourceTree = "<group>"; };
		57F6256E14AA7E11006E16A7 /* AFImageCache.h */ = {isa = PBXFileReference; fileEncoding = 4; lastKnownFileType = sourcecode.c.h; path = AFImageCache.h; sourceTree = "<group>"; };
		57F6256F14AA7E11006E16A7 /* AFImageCache.m */ = {isa = PBXFileReference; fileEncoding = 4; lastKnownFileType = sourcecode.c.objc; path = AFImageCache.m; sourceTree = "<group>"; };
		57F6257014AA7E11006E16A7 /* AFImageRequestOperation.h */ = {isa = PBXFileReference; fileEncoding = 4; lastKnownFileType = sourcecode.c.h; path = AFImageRequestOperation.h; sourceTree = "<group>"; };
		57F6257114AA7E11006E16A7 /* AFImageRequestOperation.m */ = {isa = PBXFileReference; fileEncoding = 4; lastKnownFileType = sourcecode.c.objc; path = AFImageRequestOperation.m; sourceTree = "<group>"; };
		57F6257214AA7E11006E16A7 /* AFJSONRequestOperation.h */ = {isa = PBXFileReference; fileEncoding = 4; lastKnownFileType = sourcecode.c.h; path = AFJSONRequestOperation.h; sourceTree = "<group>"; };
		57F6257314AA7E11006E16A7 /* AFJSONRequestOperation.m */ = {isa = PBXFileReference; fileEncoding = 4; lastKnownFileType = sourcecode.c.objc; path = AFJSONRequestOperation.m; sourceTree = "<group>"; };
		57F6257414AA7E11006E16A7 /* AFJSONUtilities.h */ = {isa = PBXFileReference; fileEncoding = 4; lastKnownFileType = sourcecode.c.h; path = AFJSONUtilities.h; sourceTree = "<group>"; };
		57F6257514AA7E11006E16A7 /* AFNetworkActivityIndicatorManager.h */ = {isa = PBXFileReference; fileEncoding = 4; lastKnownFileType = sourcecode.c.h; path = AFNetworkActivityIndicatorManager.h; sourceTree = "<group>"; };
		57F6257614AA7E11006E16A7 /* AFNetworkActivityIndicatorManager.m */ = {isa = PBXFileReference; fileEncoding = 4; lastKnownFileType = sourcecode.c.objc; path = AFNetworkActivityIndicatorManager.m; sourceTree = "<group>"; };
		57F6257714AA7E11006E16A7 /* AFNetworking.h */ = {isa = PBXFileReference; fileEncoding = 4; lastKnownFileType = sourcecode.c.h; path = AFNetworking.h; sourceTree = "<group>"; };
		57F6257814AA7E11006E16A7 /* AFPropertyListRequestOperation.h */ = {isa = PBXFileReference; fileEncoding = 4; lastKnownFileType = sourcecode.c.h; path = AFPropertyListRequestOperation.h; sourceTree = "<group>"; };
		57F6257914AA7E11006E16A7 /* AFPropertyListRequestOperation.m */ = {isa = PBXFileReference; fileEncoding = 4; lastKnownFileType = sourcecode.c.objc; path = AFPropertyListRequestOperation.m; sourceTree = "<group>"; };
		57F6257A14AA7E11006E16A7 /* AFURLConnectionOperation.h */ = {isa = PBXFileReference; fileEncoding = 4; lastKnownFileType = sourcecode.c.h; path = AFURLConnectionOperation.h; sourceTree = "<group>"; };
		57F6257B14AA7E11006E16A7 /* AFURLConnectionOperation.m */ = {isa = PBXFileReference; fileEncoding = 4; lastKnownFileType = sourcecode.c.objc; path = AFURLConnectionOperation.m; sourceTree = "<group>"; };
		57F6257C14AA7E11006E16A7 /* AFXMLRequestOperation.h */ = {isa = PBXFileReference; fileEncoding = 4; lastKnownFileType = sourcecode.c.h; path = AFXMLRequestOperation.h; sourceTree = "<group>"; };
		57F6257D14AA7E11006E16A7 /* AFXMLRequestOperation.m */ = {isa = PBXFileReference; fileEncoding = 4; lastKnownFileType = sourcecode.c.objc; path = AFXMLRequestOperation.m; sourceTree = "<group>"; };
		57F6257E14AA7E11006E16A7 /* UIImageView+AFNetworking.h */ = {isa = PBXFileReference; fileEncoding = 4; lastKnownFileType = sourcecode.c.h; path = "UIImageView+AFNetworking.h"; sourceTree = "<group>"; };
		57F6257F14AA7E11006E16A7 /* UIImageView+AFNetworking.m */ = {isa = PBXFileReference; fileEncoding = 4; lastKnownFileType = sourcecode.c.objc; path = "UIImageView+AFNetworking.m"; sourceTree = "<group>"; };
		57F625FF14AA7E98006E16A7 /* Fresh.png */ = {isa = PBXFileReference; lastKnownFileType = image.png; path = Fresh.png; sourceTree = "<group>"; };
		57F6260014AA7E98006E16A7 /* Fresh@2x.png */ = {isa = PBXFileReference; lastKnownFileType = image.png; path = "Fresh@2x.png"; sourceTree = "<group>"; };
		57F6260114AA7E98006E16A7 /* Rotten.png */ = {isa = PBXFileReference; lastKnownFileType = image.png; path = Rotten.png; sourceTree = "<group>"; };
		57F6260214AA7E98006E16A7 /* Rotten@2x.png */ = {isa = PBXFileReference; lastKnownFileType = image.png; path = "Rotten@2x.png"; sourceTree = "<group>"; };
		57F6260414AA7E98006E16A7 /* g.png */ = {isa = PBXFileReference; lastKnownFileType = image.png; path = g.png; sourceTree = "<group>"; };
		57F6260614AA7E98006E16A7 /* pg.png */ = {isa = PBXFileReference; lastKnownFileType = image.png; path = pg.png; sourceTree = "<group>"; };
		57F6260814AA7E98006E16A7 /* r.png */ = {isa = PBXFileReference; lastKnownFileType = image.png; path = r.png; sourceTree = "<group>"; };
		57F6260A14AA7E98006E16A7 /* Twitter.png */ = {isa = PBXFileReference; lastKnownFileType = image.png; path = Twitter.png; sourceTree = "<group>"; };
		57F6260B14AA7E98006E16A7 /* Twitter@2x.png */ = {isa = PBXFileReference; lastKnownFileType = image.png; path = "Twitter@2x.png"; sourceTree = "<group>"; };
		57F6262614AA7EDA006E16A7 /* 57.png */ = {isa = PBXFileReference; lastKnownFileType = image.png; path = 57.png; sourceTree = "<group>"; };
		57F6262814AA7EE2006E16A7 /* 114.png */ = {isa = PBXFileReference; lastKnownFileType = image.png; path = 114.png; sourceTree = "<group>"; };
		57F6262A14AA7F6E006E16A7 /* 72.png */ = {isa = PBXFileReference; lastKnownFileType = image.png; path = 72.png; sourceTree = "<group>"; };
		57F6262C14AA804E006E16A7 /* Movie.h */ = {isa = PBXFileReference; fileEncoding = 4; lastKnownFileType = sourcecode.c.h; path = Movie.h; sourceTree = "<group>"; };
		57F6262D14AA804E006E16A7 /* Movie.m */ = {isa = PBXFileReference; fileEncoding = 4; lastKnownFileType = sourcecode.c.objc; path = Movie.m; sourceTree = "<group>"; };
		57F6263014AA81D9006E16A7 /* RottenTomatoesAPI.h */ = {isa = PBXFileReference; fileEncoding = 4; lastKnownFileType = sourcecode.c.h; path = RottenTomatoesAPI.h; sourceTree = "<group>"; };
		57F6263114AA81D9006E16A7 /* RottenTomatoesAPI.m */ = {isa = PBXFileReference; fileEncoding = 4; lastKnownFileType = sourcecode.c.objc; path = RottenTomatoesAPI.m; sourceTree = "<group>"; };
		57F6263314AA8EB0006E16A7 /* MoviesList.h */ = {isa = PBXFileReference; fileEncoding = 4; lastKnownFileType = sourcecode.c.h; path = MoviesList.h; sourceTree = "<group>"; };
		57F6263414AA8EB0006E16A7 /* MoviesList.m */ = {isa = PBXFileReference; fileEncoding = 4; lastKnownFileType = sourcecode.c.objc; path = MoviesList.m; sourceTree = "<group>"; };
		57F6263714AA9948006E16A7 /* MovieCell.h */ = {isa = PBXFileReference; fileEncoding = 4; lastKnownFileType = sourcecode.c.h; path = MovieCell.h; sourceTree = "<group>"; };
		57F6263814AA9948006E16A7 /* MovieCell.m */ = {isa = PBXFileReference; fileEncoding = 4; lastKnownFileType = sourcecode.c.objc; path = MovieCell.m; sourceTree = "<group>"; };
		57F6263A14AA9A91006E16A7 /* sample_poster.jpg */ = {isa = PBXFileReference; lastKnownFileType = image.jpeg; path = sample_poster.jpg; sourceTree = "<group>"; };
		57F6263E14AAC41E006E16A7 /* nc-17.png */ = {isa = PBXFileReference; lastKnownFileType = image.png; path = "nc-17.png"; sourceTree = "<group>"; };
		57F6263F14AAC41E006E16A7 /* pg-13.png */ = {isa = PBXFileReference; lastKnownFileType = image.png; path = "pg-13.png"; sourceTree = "<group>"; };
/* End PBXFileReference section */

/* Begin PBXFrameworksBuildPhase section */
		57F6252014AA740F006E16A7 /* Frameworks */ = {
			isa = PBXFrameworksBuildPhase;
			buildActionMask = 2147483647;
			files = (
				57F6252814AA740F006E16A7 /* UIKit.framework in Frameworks */,
				57F6252A14AA740F006E16A7 /* Foundation.framework in Frameworks */,
				57F6252C14AA740F006E16A7 /* CoreGraphics.framework in Frameworks */,
			);
			runOnlyForDeploymentPostprocessing = 0;
		};
		57F6254614AA740F006E16A7 /* Frameworks */ = {
			isa = PBXFrameworksBuildPhase;
			buildActionMask = 2147483647;
			files = (
				57F6254C14AA740F006E16A7 /* SenTestingKit.framework in Frameworks */,
				57F6254D14AA740F006E16A7 /* UIKit.framework in Frameworks */,
				57F6254E14AA740F006E16A7 /* Foundation.framework in Frameworks */,
			);
			runOnlyForDeploymentPostprocessing = 0;
		};
/* End PBXFrameworksBuildPhase section */

/* Begin PBXGroup section */
		57B054AA14AC4F0700BBD722 /* Star */ = {
			isa = PBXGroup;
			children = (
				57B054AB14AC4F0700BBD722 /* star-inactive.png */,
				57B054AC14AC4F0700BBD722 /* star-inactive@2x.png */,
				57B054AD14AC4F0700BBD722 /* star.png */,
				57B054AE14AC4F0700BBD722 /* star@2x.png */,
			);
			path = Star;
			sourceTree = "<group>";
		};
		57B054B714AC558100BBD722 /* MagicalRecord */ = {
			isa = PBXGroup;
			children = (
				57B054EA14AC558100BBD722 /* Source */,
			);
			path = MagicalRecord;
			sourceTree = "<group>";
		};
		57B054EA14AC558100BBD722 /* Source */ = {
			isa = PBXGroup;
			children = (
				57B054EB14AC558100BBD722 /* Categories */,
				57B0550514AC558100BBD722 /* CoreData+MagicalRecord.h */,
				57B0550614AC558100BBD722 /* MagicalRecordHelpers.h */,
				57B0550714AC558100BBD722 /* MagicalRecordHelpers.m */,
				57B0550814AC558100BBD722 /* MagicalRecordShorthand.h */,
				57B0550914AC558100BBD722 /* MRCoreDataAction.h */,
				57B0550A14AC558100BBD722 /* MRCoreDataAction.m */,
			);
			path = Source;
			sourceTree = "<group>";
		};
		57B054EB14AC558100BBD722 /* Categories */ = {
			isa = PBXGroup;
			children = (
				57B054EC14AC558100BBD722 /* DataImport */,
				57B054F914AC558100BBD722 /* NSManagedObject+MagicalDataImport.h */,
				57B054FA14AC558100BBD722 /* NSManagedObject+MagicalDataImport.m */,
				57B054FB14AC558100BBD722 /* NSManagedObject+MagicalRecord.h */,
				57B054FC14AC558100BBD722 /* NSManagedObject+MagicalRecord.m */,
				57B054FD14AC558100BBD722 /* NSManagedObjectContext+MagicalRecord.h */,
				57B054FE14AC558100BBD722 /* NSManagedObjectContext+MagicalRecord.m */,
				57B054FF14AC558100BBD722 /* NSManagedObjectModel+MagicalRecord.h */,
				57B0550014AC558100BBD722 /* NSManagedObjectModel+MagicalRecord.m */,
				57B0550114AC558100BBD722 /* NSPersistentStore+MagicalRecord.h */,
				57B0550214AC558100BBD722 /* NSPersistentStore+MagicalRecord.m */,
				57B0550314AC558100BBD722 /* NSPersistentStoreCoordinator+MagicalRecord.h */,
				57B0550414AC558100BBD722 /* NSPersistentStoreCoordinator+MagicalRecord.m */,
			);
			path = Categories;
			sourceTree = "<group>";
		};
		57B054EC14AC558100BBD722 /* DataImport */ = {
			isa = PBXGroup;
			children = (
				57B054ED14AC558100BBD722 /* NSAttributeDescription+MagicalDataImport.h */,
				57B054EE14AC558100BBD722 /* NSAttributeDescription+MagicalDataImport.m */,
				57B054EF14AC558100BBD722 /* NSEntityDescription+MagicalDataImport.h */,
				57B054F014AC558100BBD722 /* NSEntityDescription+MagicalDataImport.m */,
				57B054F114AC558100BBD722 /* NSNumber+MagicalDataImport.h */,
				57B054F214AC558100BBD722 /* NSNumber+MagicalDataImport.m */,
				57B054F314AC558100BBD722 /* NSObject+MagicalDataImport.h */,
				57B054F414AC558100BBD722 /* NSObject+MagicalDataImport.m */,
				57B054F514AC558100BBD722 /* NSRelationshipDescription+MagicalDataImport.h */,
				57B054F614AC558100BBD722 /* NSRelationshipDescription+MagicalDataImport.m */,
				57B054F714AC558100BBD722 /* NSString+MagicalDataImport.h */,
				57B054F814AC558100BBD722 /* NSString+MagicalDataImport.m */,
			);
			path = DataImport;
			sourceTree = "<group>";
		};
		57F6251814AA740F006E16A7 = {
			isa = PBXGroup;
			children = (
				57F6262A14AA7F6E006E16A7 /* 72.png */,
				57F6262814AA7EE2006E16A7 /* 114.png */,
				57F6262614AA7EDA006E16A7 /* 57.png */,
				57F625FC14AA7E98006E16A7 /* Resources */,
				57F6252D14AA740F006E16A7 /* NerderyCodeChallenge */,
				57F6255114AA740F006E16A7 /* NerderyCodeChallengeTests */,
				57F6252614AA740F006E16A7 /* Frameworks */,
				57F6252414AA740F006E16A7 /* Products */,
				57F6256714AA7E11006E16A7 /* libs */,
			);
			sourceTree = "<group>";
		};
		57F6252414AA740F006E16A7 /* Products */ = {
			isa = PBXGroup;
			children = (
				57F6252314AA740F006E16A7 /* NerderyCodeChallenge.app */,
				57F6254A14AA740F006E16A7 /* NerderyCodeChallengeTests.octest */,
			);
			name = Products;
			sourceTree = "<group>";
		};
		57F6252614AA740F006E16A7 /* Frameworks */ = {
			isa = PBXGroup;
			children = (
				57F6252714AA740F006E16A7 /* UIKit.framework */,
				57F6252914AA740F006E16A7 /* Foundation.framework */,
				57F6252B14AA740F006E16A7 /* CoreGraphics.framework */,
				57F6254B14AA740F006E16A7 /* SenTestingKit.framework */,
			);
			name = Frameworks;
			sourceTree = "<group>";
		};
		57F6252D14AA740F006E16A7 /* NerderyCodeChallenge */ = {
			isa = PBXGroup;
			children = (
				57F6263614AA991D006E16A7 /* View */,
				57F6256214AA7AA9006E16A7 /* Model */,
				57F6253614AA740F006E16A7 /* MSAppDelegate.h */,
				57F6253714AA740F006E16A7 /* MSAppDelegate.m */,
				57F6253914AA740F006E16A7 /* MainStoryboard_iPhone.storyboard */,
				57F6253C14AA740F006E16A7 /* MainStoryboard_iPad.storyboard */,
				57F6253F14AA740F006E16A7 /* MSMasterViewController.h */,
				57F6254014AA740F006E16A7 /* MSMasterViewController.m */,
				57F6254214AA740F006E16A7 /* MSDetailViewController.h */,
				57F6254314AA740F006E16A7 /* MSDetailViewController.m */,
				57F6252E14AA740F006E16A7 /* Supporting Files */,
				57B054B414AC537C00BBD722 /* MovieModel.xcdatamodeld */,
			);
			path = NerderyCodeChallenge;
			sourceTree = "<group>";
		};
		57F6252E14AA740F006E16A7 /* Supporting Files */ = {
			isa = PBXGroup;
			children = (
				57F6252F14AA740F006E16A7 /* NerderyCodeChallenge-Info.plist */,
				57F6253014AA740F006E16A7 /* InfoPlist.strings */,
				57F6253314AA740F006E16A7 /* main.m */,
				57F6253514AA740F006E16A7 /* NerderyCodeChallenge-Prefix.pch */,
			);
			name = "Supporting Files";
			sourceTree = "<group>";
		};
		57F6255114AA740F006E16A7 /* NerderyCodeChallengeTests */ = {
			isa = PBXGroup;
			children = (
				57F6255714AA7410006E16A7 /* NerderyCodeChallengeTests.h */,
				57F6255814AA7410006E16A7 /* NerderyCodeChallengeTests.m */,
				57F6255214AA7410006E16A7 /* Supporting Files */,
			);
			path = NerderyCodeChallengeTests;
			sourceTree = "<group>";
		};
		57F6255214AA7410006E16A7 /* Supporting Files */ = {
			isa = PBXGroup;
			children = (
				57F6255314AA7410006E16A7 /* NerderyCodeChallengeTests-Info.plist */,
				57F6255414AA7410006E16A7 /* InfoPlist.strings */,
			);
			name = "Supporting Files";
			sourceTree = "<group>";
		};
		57F6256214AA7AA9006E16A7 /* Model */ = {
			isa = PBXGroup;
			children = (
				57F6262C14AA804E006E16A7 /* Movie.h */,
				57F6262D14AA804E006E16A7 /* Movie.m */,
				57F6263014AA81D9006E16A7 /* RottenTomatoesAPI.h */,
				57F6263114AA81D9006E16A7 /* RottenTomatoesAPI.m */,
				57F6263314AA8EB0006E16A7 /* MoviesList.h */,
				57F6263414AA8EB0006E16A7 /* MoviesList.m */,
				57B055E414AC55DF00BBD722 /* MovieData.h */,
				57B055E514AC55DF00BBD722 /* MovieData.m */,
			);
			name = Model;
			sourceTree = "<group>";
		};
		57F6256714AA7E11006E16A7 /* libs */ = {
			isa = PBXGroup;
			children = (
				57B054B714AC558100BBD722 /* MagicalRecord */,
				57F6256814AA7E11006E16A7 /* AFNetworking */,
			);
			path = libs;
			sourceTree = "<group>";
		};
		57F6256814AA7E11006E16A7 /* AFNetworking */ = {
			isa = PBXGroup;
			children = (
				57F6256914AA7E11006E16A7 /* AFNetworking */,
			);
			path = AFNetworking;
			sourceTree = "<group>";
		};
		57F6256914AA7E11006E16A7 /* AFNetworking */ = {
			isa = PBXGroup;
			children = (
				57F6256A14AA7E11006E16A7 /* AFHTTPClient.h */,
				57F6256B14AA7E11006E16A7 /* AFHTTPClient.m */,
				57F6256C14AA7E11006E16A7 /* AFHTTPRequestOperation.h */,
				57F6256D14AA7E11006E16A7 /* AFHTTPRequestOperation.m */,
				57F6256E14AA7E11006E16A7 /* AFImageCache.h */,
				57F6256F14AA7E11006E16A7 /* AFImageCache.m */,
				57F6257014AA7E11006E16A7 /* AFImageRequestOperation.h */,
				57F6257114AA7E11006E16A7 /* AFImageRequestOperation.m */,
				57F6257214AA7E11006E16A7 /* AFJSONRequestOperation.h */,
				57F6257314AA7E11006E16A7 /* AFJSONRequestOperation.m */,
				57F6257414AA7E11006E16A7 /* AFJSONUtilities.h */,
				57F6257514AA7E11006E16A7 /* AFNetworkActivityIndicatorManager.h */,
				57F6257614AA7E11006E16A7 /* AFNetworkActivityIndicatorManager.m */,
				57F6257714AA7E11006E16A7 /* AFNetworking.h */,
				57F6257814AA7E11006E16A7 /* AFPropertyListRequestOperation.h */,
				57F6257914AA7E11006E16A7 /* AFPropertyListRequestOperation.m */,
				57F6257A14AA7E11006E16A7 /* AFURLConnectionOperation.h */,
				57F6257B14AA7E11006E16A7 /* AFURLConnectionOperation.m */,
				57F6257C14AA7E11006E16A7 /* AFXMLRequestOperation.h */,
				57F6257D14AA7E11006E16A7 /* AFXMLRequestOperation.m */,
				57F6257E14AA7E11006E16A7 /* UIImageView+AFNetworking.h */,
				57F6257F14AA7E11006E16A7 /* UIImageView+AFNetworking.m */,
			);
			path = AFNetworking;
			sourceTree = "<group>";
		};
		57F625FC14AA7E98006E16A7 /* Resources */ = {
			isa = PBXGroup;
			children = (
				57F6263A14AA9A91006E16A7 /* sample_poster.jpg */,
				57F625FD14AA7E98006E16A7 /* Graphics */,
			);
			path = Resources;
			sourceTree = "<group>";
		};
		57F625FD14AA7E98006E16A7 /* Graphics */ = {
			isa = PBXGroup;
			children = (
				57B054AA14AC4F0700BBD722 /* Star */,
				57F625FE14AA7E98006E16A7 /* Freshness */,
				57F6260314AA7E98006E16A7 /* Ratings */,
				57F6260914AA7E98006E16A7 /* Social Media */,
			);
			path = Graphics;
			sourceTree = "<group>";
		};
		57F625FE14AA7E98006E16A7 /* Freshness */ = {
			isa = PBXGroup;
			children = (
				57F625FF14AA7E98006E16A7 /* Fresh.png */,
				57F6260014AA7E98006E16A7 /* Fresh@2x.png */,
				57F6260114AA7E98006E16A7 /* Rotten.png */,
				57F6260214AA7E98006E16A7 /* Rotten@2x.png */,
			);
			path = Freshness;
			sourceTree = "<group>";
		};
		57F6260314AA7E98006E16A7 /* Ratings */ = {
			isa = PBXGroup;
			children = (
				57F6263E14AAC41E006E16A7 /* nc-17.png */,
				57F6263F14AAC41E006E16A7 /* pg-13.png */,
				57F6260414AA7E98006E16A7 /* g.png */,
				57F6260614AA7E98006E16A7 /* pg.png */,
				57F6260814AA7E98006E16A7 /* r.png */,
			);
			path = Ratings;
			sourceTree = "<group>";
		};
		57F6260914AA7E98006E16A7 /* Social Media */ = {
			isa = PBXGroup;
			children = (
				57F6260A14AA7E98006E16A7 /* Twitter.png */,
				57F6260B14AA7E98006E16A7 /* Twitter@2x.png */,
			);
			path = "Social Media";
			sourceTree = "<group>";
		};
		57F6263614AA991D006E16A7 /* View */ = {
			isa = PBXGroup;
			children = (
				57F6263714AA9948006E16A7 /* MovieCell.h */,
				57F6263814AA9948006E16A7 /* MovieCell.m */,
			);
			name = View;
			sourceTree = "<group>";
		};
/* End PBXGroup section */

/* Begin PBXNativeTarget section */
		57F6252214AA740F006E16A7 /* NerderyCodeChallenge */ = {
			isa = PBXNativeTarget;
			buildConfigurationList = 57F6255C14AA7410006E16A7 /* Build configuration list for PBXNativeTarget "NerderyCodeChallenge" */;
			buildPhases = (
				57F6251F14AA740F006E16A7 /* Sources */,
				57F6252014AA740F006E16A7 /* Frameworks */,
				57F6252114AA740F006E16A7 /* Resources */,
			);
			buildRules = (
			);
			dependencies = (
			);
			name = NerderyCodeChallenge;
			productName = NerderyCodeChallenge;
			productReference = 57F6252314AA740F006E16A7 /* NerderyCodeChallenge.app */;
			productType = "com.apple.product-type.application";
		};
		57F6254914AA740F006E16A7 /* NerderyCodeChallengeTests */ = {
			isa = PBXNativeTarget;
			buildConfigurationList = 57F6255F14AA7410006E16A7 /* Build configuration list for PBXNativeTarget "NerderyCodeChallengeTests" */;
			buildPhases = (
				57F6254514AA740F006E16A7 /* Sources */,
				57F6254614AA740F006E16A7 /* Frameworks */,
				57F6254714AA740F006E16A7 /* Resources */,
				57F6254814AA740F006E16A7 /* ShellScript */,
			);
			buildRules = (
			);
			dependencies = (
				57F6255014AA740F006E16A7 /* PBXTargetDependency */,
			);
			name = NerderyCodeChallengeTests;
			productName = NerderyCodeChallengeTests;
			productReference = 57F6254A14AA740F006E16A7 /* NerderyCodeChallengeTests.octest */;
			productType = "com.apple.product-type.bundle";
		};
/* End PBXNativeTarget section */

/* Begin PBXProject section */
		57F6251A14AA740F006E16A7 /* Project object */ = {
			isa = PBXProject;
			attributes = {
				LastUpgradeCheck = 0420;
			};
			buildConfigurationList = 57F6251D14AA740F006E16A7 /* Build configuration list for PBXProject "NerderyCodeChallenge" */;
			compatibilityVersion = "Xcode 3.2";
			developmentRegion = English;
			hasScannedForEncodings = 0;
			knownRegions = (
				en,
			);
			mainGroup = 57F6251814AA740F006E16A7;
			productRefGroup = 57F6252414AA740F006E16A7 /* Products */;
			projectDirPath = "";
			projectRoot = "";
			targets = (
				57F6252214AA740F006E16A7 /* NerderyCodeChallenge */,
				57F6254914AA740F006E16A7 /* NerderyCodeChallengeTests */,
			);
		};
/* End PBXProject section */

/* Begin PBXResourcesBuildPhase section */
		57F6252114AA740F006E16A7 /* Resources */ = {
			isa = PBXResourcesBuildPhase;
			buildActionMask = 2147483647;
			files = (
				57F6253214AA740F006E16A7 /* InfoPlist.strings in Resources */,
				57F6253B14AA740F006E16A7 /* MainStoryboard_iPhone.storyboard in Resources */,
				57F6253E14AA740F006E16A7 /* MainStoryboard_iPad.storyboard in Resources */,
				57F6261414AA7E98006E16A7 /* Fresh.png in Resources */,
				57F6261514AA7E98006E16A7 /* Fresh@2x.png in Resources */,
				57F6261614AA7E98006E16A7 /* Rotten.png in Resources */,
				57F6261714AA7E98006E16A7 /* Rotten@2x.png in Resources */,
				57F6261814AA7E98006E16A7 /* g.png in Resources */,
				57F6261A14AA7E98006E16A7 /* pg.png in Resources */,
				57F6261C14AA7E98006E16A7 /* r.png in Resources */,
				57F6261D14AA7E98006E16A7 /* Twitter.png in Resources */,
				57F6261E14AA7E98006E16A7 /* Twitter@2x.png in Resources */,
				57F6262714AA7EDA006E16A7 /* 57.png in Resources */,
				57F6262914AA7EE2006E16A7 /* 114.png in Resources */,
				57F6262B14AA7F6E006E16A7 /* 72.png in Resources */,
				57F6263B14AA9A91006E16A7 /* sample_poster.jpg in Resources */,
				57F6264014AAC41E006E16A7 /* nc-17.png in Resources */,
				57F6264114AAC41E006E16A7 /* pg-13.png in Resources */,
				57B054AF14AC4F0700BBD722 /* star-inactive.png in Resources */,
				57B054B014AC4F0700BBD722 /* star-inactive@2x.png in Resources */,
				57B054B114AC4F0700BBD722 /* star.png in Resources */,
				57B054B214AC4F0700BBD722 /* star@2x.png in Resources */,
			);
			runOnlyForDeploymentPostprocessing = 0;
		};
		57F6254714AA740F006E16A7 /* Resources */ = {
			isa = PBXResourcesBuildPhase;
			buildActionMask = 2147483647;
			files = (
				57F6255614AA7410006E16A7 /* InfoPlist.strings in Resources */,
			);
			runOnlyForDeploymentPostprocessing = 0;
		};
/* End PBXResourcesBuildPhase section */

/* Begin PBXShellScriptBuildPhase section */
		57F6254814AA740F006E16A7 /* ShellScript */ = {
			isa = PBXShellScriptBuildPhase;
			buildActionMask = 2147483647;
			files = (
			);
			inputPaths = (
			);
			outputPaths = (
			);
			runOnlyForDeploymentPostprocessing = 0;
			shellPath = /bin/sh;
			shellScript = "# Run the unit tests in this test bundle.\n\"${SYSTEM_DEVELOPER_DIR}/Tools/RunUnitTests\"\n";
		};
/* End PBXShellScriptBuildPhase section */

/* Begin PBXSourcesBuildPhase section */
		57F6251F14AA740F006E16A7 /* Sources */ = {
			isa = PBXSourcesBuildPhase;
			buildActionMask = 2147483647;
			files = (
				57F6253414AA740F006E16A7 /* main.m in Sources */,
				57F6253814AA740F006E16A7 /* MSAppDelegate.m in Sources */,
				57F6254114AA740F006E16A7 /* MSMasterViewController.m in Sources */,
				57F6254414AA740F006E16A7 /* MSDetailViewController.m in Sources */,
				57F625CE14AA7E11006E16A7 /* AFHTTPClient.m in Sources */,
				57F625CF14AA7E11006E16A7 /* AFHTTPRequestOperation.m in Sources */,
				57F625D014AA7E11006E16A7 /* AFImageCache.m in Sources */,
				57F625D114AA7E11006E16A7 /* AFImageRequestOperation.m in Sources */,
				57F625D214AA7E11006E16A7 /* AFJSONRequestOperation.m in Sources */,
				57F625D314AA7E11006E16A7 /* AFNetworkActivityIndicatorManager.m in Sources */,
				57F625D414AA7E11006E16A7 /* AFPropertyListRequestOperation.m in Sources */,
				57F625D514AA7E11006E16A7 /* AFURLConnectionOperation.m in Sources */,
				57F625D614AA7E11006E16A7 /* AFXMLRequestOperation.m in Sources */,
				57F625D714AA7E11006E16A7 /* UIImageView+AFNetworking.m in Sources */,
				57F6262E14AA804E006E16A7 /* Movie.m in Sources */,
				57F6263214AA81D9006E16A7 /* RottenTomatoesAPI.m in Sources */,
				57F6263514AA8EB0006E16A7 /* MoviesList.m in Sources */,
				57F6263914AA9948006E16A7 /* MovieCell.m in Sources */,
				57B054B614AC537C00BBD722 /* MovieModel.xcdatamodeld in Sources */,
				57B0559314AC558200BBD722 /* NSAttributeDescription+MagicalDataImport.m in Sources */,
				57B0559414AC558200BBD722 /* NSEntityDescription+MagicalDataImport.m in Sources */,
				57B0559514AC558200BBD722 /* NSNumber+MagicalDataImport.m in Sources */,
				57B0559614AC558200BBD722 /* NSObject+MagicalDataImport.m in Sources */,
				57B0559714AC558200BBD722 /* NSRelationshipDescription+MagicalDataImport.m in Sources */,
				57B0559814AC558200BBD722 /* NSString+MagicalDataImport.m in Sources */,
				57B0559914AC558200BBD722 /* NSManagedObject+MagicalDataImport.m in Sources */,
				57B0559A14AC558200BBD722 /* NSManagedObject+MagicalRecord.m in Sources */,
				57B0559B14AC558200BBD722 /* NSManagedObjectContext+MagicalRecord.m in Sources */,
				57B0559C14AC558200BBD722 /* NSManagedObjectModel+MagicalRecord.m in Sources */,
				57B0559D14AC558200BBD722 /* NSPersistentStore+MagicalRecord.m in Sources */,
				57B0559E14AC558200BBD722 /* NSPersistentStoreCoordinator+MagicalRecord.m in Sources */,
				57B0559F14AC558200BBD722 /* MagicalRecordHelpers.m in Sources */,
				57B055A014AC558200BBD722 /* MRCoreDataAction.m in Sources */,
				57B055E614AC55DF00BBD722 /* MovieData.m in Sources */,
			);
			runOnlyForDeploymentPostprocessing = 0;
		};
		57F6254514AA740F006E16A7 /* Sources */ = {
			isa = PBXSourcesBuildPhase;
			buildActionMask = 2147483647;
			files = (
				57F6255914AA7410006E16A7 /* NerderyCodeChallengeTests.m in Sources */,
			);
			runOnlyForDeploymentPostprocessing = 0;
		};
/* End PBXSourcesBuildPhase section */

/* Begin PBXTargetDependency section */
		57F6255014AA740F006E16A7 /* PBXTargetDependency */ = {
			isa = PBXTargetDependency;
			target = 57F6252214AA740F006E16A7 /* NerderyCodeChallenge */;
			targetProxy = 57F6254F14AA740F006E16A7 /* PBXContainerItemProxy */;
		};
/* End PBXTargetDependency section */

/* Begin PBXVariantGroup section */
		57F6253014AA740F006E16A7 /* InfoPlist.strings */ = {
			isa = PBXVariantGroup;
			children = (
				57F6253114AA740F006E16A7 /* en */,
			);
			name = InfoPlist.strings;
			sourceTree = "<group>";
		};
		57F6253914AA740F006E16A7 /* MainStoryboard_iPhone.storyboard */ = {
			isa = PBXVariantGroup;
			children = (
				57F6253A14AA740F006E16A7 /* en */,
			);
			name = MainStoryboard_iPhone.storyboard;
			sourceTree = "<group>";
		};
		57F6253C14AA740F006E16A7 /* MainStoryboard_iPad.storyboard */ = {
			isa = PBXVariantGroup;
			children = (
				57F6253D14AA740F006E16A7 /* en */,
			);
			name = MainStoryboard_iPad.storyboard;
			sourceTree = "<group>";
		};
		57F6255414AA7410006E16A7 /* InfoPlist.strings */ = {
			isa = PBXVariantGroup;
			children = (
				57F6255514AA7410006E16A7 /* en */,
			);
			name = InfoPlist.strings;
			sourceTree = "<group>";
		};
/* End PBXVariantGroup section */

/* Begin XCBuildConfiguration section */
		57F6255A14AA7410006E16A7 /* Debug */ = {
			isa = XCBuildConfiguration;
			buildSettings = {
				ALWAYS_SEARCH_USER_PATHS = NO;
				ARCHS = "$(ARCHS_STANDARD_32_BIT)";
				CLANG_ENABLE_OBJC_ARC = YES;
				"CODE_SIGN_IDENTITY[sdk=iphoneos*]" = "iPhone Developer";
				COPY_PHASE_STRIP = NO;
				GCC_C_LANGUAGE_STANDARD = gnu99;
				GCC_DYNAMIC_NO_PIC = NO;
				GCC_OPTIMIZATION_LEVEL = 0;
				GCC_PREPROCESSOR_DEFINITIONS = (
					"DEBUG=1",
					"$(inherited)",
				);
				GCC_SYMBOLS_PRIVATE_EXTERN = NO;
				GCC_VERSION = com.apple.compilers.llvm.clang.1_0;
				GCC_WARN_ABOUT_MISSING_PROTOTYPES = YES;
				GCC_WARN_ABOUT_RETURN_TYPE = YES;
				GCC_WARN_UNUSED_VARIABLE = YES;
				IPHONEOS_DEPLOYMENT_TARGET = 5.0;
				SDKROOT = iphoneos;
				TARGETED_DEVICE_FAMILY = "1,2";
			};
			name = Debug;
		};
		57F6255B14AA7410006E16A7 /* Release */ = {
			isa = XCBuildConfiguration;
			buildSettings = {
				ALWAYS_SEARCH_USER_PATHS = NO;
				ARCHS = "$(ARCHS_STANDARD_32_BIT)";
				CLANG_ENABLE_OBJC_ARC = YES;
				"CODE_SIGN_IDENTITY[sdk=iphoneos*]" = "iPhone Developer";
				COPY_PHASE_STRIP = YES;
				GCC_C_LANGUAGE_STANDARD = gnu99;
				GCC_VERSION = com.apple.compilers.llvm.clang.1_0;
				GCC_WARN_ABOUT_MISSING_PROTOTYPES = YES;
				GCC_WARN_ABOUT_RETURN_TYPE = YES;
				GCC_WARN_UNUSED_VARIABLE = YES;
				IPHONEOS_DEPLOYMENT_TARGET = 5.0;
				OTHER_CFLAGS = "-DNS_BLOCK_ASSERTIONS=1";
				SDKROOT = iphoneos;
				TARGETED_DEVICE_FAMILY = "1,2";
				VALIDATE_PRODUCT = YES;
			};
			name = Release;
		};
		57F6255D14AA7410006E16A7 /* Debug */ = {
			isa = XCBuildConfiguration;
			buildSettings = {
				FRAMEWORK_SEARCH_PATHS = (
					"$(inherited)",
					"\"$(SRCROOT)/libs/MagicalRecord/iOS App Unit Tests/Frameworks\"",
					"\"$(SRCROOT)/libs/MagicalRecord/Mac App Unit Tests/Frameworks\"",
				);
				GCC_PRECOMPILE_PREFIX_HEADER = YES;
				GCC_PREFIX_HEADER = "NerderyCodeChallenge/NerderyCodeChallenge-Prefix.pch";
				INFOPLIST_FILE = "NerderyCodeChallenge/NerderyCodeChallenge-Info.plist";
				LIBRARY_SEARCH_PATHS = (
					"$(inherited)",
					"\"$(SRCROOT)/libs/MagicalRecord/iOS App Unit Tests/Frameworks/OCMockLibrary\"",
					"\"$(SRCROOT)/libs/MagicalRecord/Mac App Unit Tests/Frameworks/OCMockLibrary\"",
				);
				PRODUCT_NAME = "$(TARGET_NAME)";
				WRAPPER_EXTENSION = app;
			};
			name = Debug;
		};
		57F6255E14AA7410006E16A7 /* Release */ = {
			isa = XCBuildConfiguration;
			buildSettings = {
				FRAMEWORK_SEARCH_PATHS = (
					"$(inherited)",
					"\"$(SRCROOT)/libs/MagicalRecord/iOS App Unit Tests/Frameworks\"",
					"\"$(SRCROOT)/libs/MagicalRecord/Mac App Unit Tests/Frameworks\"",
				);
				GCC_PRECOMPILE_PREFIX_HEADER = YES;
				GCC_PREFIX_HEADER = "NerderyCodeChallenge/NerderyCodeChallenge-Prefix.pch";
				INFOPLIST_FILE = "NerderyCodeChallenge/NerderyCodeChallenge-Info.plist";
				LIBRARY_SEARCH_PATHS = (
					"$(inherited)",
					"\"$(SRCROOT)/libs/MagicalRecord/iOS App Unit Tests/Frameworks/OCMockLibrary\"",
					"\"$(SRCROOT)/libs/MagicalRecord/Mac App Unit Tests/Frameworks/OCMockLibrary\"",
				);
				PRODUCT_NAME = "$(TARGET_NAME)";
				WRAPPER_EXTENSION = app;
			};
			name = Release;
		};
		57F6256014AA7410006E16A7 /* Debug */ = {
			isa = XCBuildConfiguration;
			buildSettings = {
				BUNDLE_LOADER = "$(BUILT_PRODUCTS_DIR)/NerderyCodeChallenge.app/NerderyCodeChallenge";
				FRAMEWORK_SEARCH_PATHS = (
					"$(SDKROOT)/Developer/Library/Frameworks",
					"$(DEVELOPER_LIBRARY_DIR)/Frameworks",
				);
				GCC_PRECOMPILE_PREFIX_HEADER = YES;
				GCC_PREFIX_HEADER = "NerderyCodeChallenge/NerderyCodeChallenge-Prefix.pch";
				INFOPLIST_FILE = "NerderyCodeChallengeTests/NerderyCodeChallengeTests-Info.plist";
				PRODUCT_NAME = "$(TARGET_NAME)";
				TEST_HOST = "$(BUNDLE_LOADER)";
				WRAPPER_EXTENSION = octest;
			};
			name = Debug;
		};
		57F6256114AA7410006E16A7 /* Release */ = {
			isa = XCBuildConfiguration;
			buildSettings = {
				BUNDLE_LOADER = "$(BUILT_PRODUCTS_DIR)/NerderyCodeChallenge.app/NerderyCodeChallenge";
				FRAMEWORK_SEARCH_PATHS = (
					"$(SDKROOT)/Developer/Library/Frameworks",
					"$(DEVELOPER_LIBRARY_DIR)/Frameworks",
				);
				GCC_PRECOMPILE_PREFIX_HEADER = YES;
				GCC_PREFIX_HEADER = "NerderyCodeChallenge/NerderyCodeChallenge-Prefix.pch";
				INFOPLIST_FILE = "NerderyCodeChallengeTests/NerderyCodeChallengeTests-Info.plist";
				PRODUCT_NAME = "$(TARGET_NAME)";
				TEST_HOST = "$(BUNDLE_LOADER)";
				WRAPPER_EXTENSION = octest;
			};
			name = Release;
		};
/* End XCBuildConfiguration section */

/* Begin XCConfigurationList section */
		57F6251D14AA740F006E16A7 /* Build configuration list for PBXProject "NerderyCodeChallenge" */ = {
			isa = XCConfigurationList;
			buildConfigurations = (
				57F6255A14AA7410006E16A7 /* Debug */,
				57F6255B14AA7410006E16A7 /* Release */,
			);
			defaultConfigurationIsVisible = 0;
			defaultConfigurationName = Release;
		};
		57F6255C14AA7410006E16A7 /* Build configuration list for PBXNativeTarget "NerderyCodeChallenge" */ = {
			isa = XCConfigurationList;
			buildConfigurations = (
				57F6255D14AA7410006E16A7 /* Debug */,
				57F6255E14AA7410006E16A7 /* Release */,
			);
			defaultConfigurationIsVisible = 0;
			defaultConfigurationName = Release;
		};
		57F6255F14AA7410006E16A7 /* Build configuration list for PBXNativeTarget "NerderyCodeChallengeTests" */ = {
			isa = XCConfigurationList;
			buildConfigurations = (
				57F6256014AA7410006E16A7 /* Debug */,
				57F6256114AA7410006E16A7 /* Release */,
			);
			defaultConfigurationIsVisible = 0;
			defaultConfigurationName = Release;
		};
/* End XCConfigurationList section */

/* Begin XCVersionGroup section */
		57B054B414AC537C00BBD722 /* MovieModel.xcdatamodeld */ = {
			isa = XCVersionGroup;
			children = (
				57B054B514AC537C00BBD722 /* MovieModel.xcdatamodel */,
			);
			currentVersion = 57B054B514AC537C00BBD722 /* MovieModel.xcdatamodel */;
			path = MovieModel.xcdatamodeld;
			sourceTree = "<group>";
			versionGroupType = wrapper.xcdatamodel;
		};
/* End XCVersionGroup section */
	};
	rootObject = 57F6251A14AA740F006E16A7 /* Project object */;
}
